
Microsoft Visual Studio Solution File, Format Version 12.00
# Visual Studio Version 16
VisualStudioVersion = 16.0.30330.147
MinimumVisualStudioVersion = 10.0.40219.1
Project("{FAE04EC0-301F-11D3-BF4B-00C04F79EFBC}") = "CRUDdemo", "CRUDdemo.csproj", "{4F33F587-7557-4BD1-9ECD-6A9D77F19DA2}"
EndProject
Global
	GlobalSection(SolutionConfigurationPlatforms) = preSolution
		Debug|Any CPU = Debug|Any CPU
		Release|Any CPU = Release|Any CPU
	EndGlobalSection
	GlobalSection(ProjectConfigurationPlatforms) = postSolution
		{4F33F587-7557-4BD1-9ECD-6A9D77F19DA2}.Debug|Any CPU.ActiveCfg = Debug|Any CPU
		{4F33F587-7557-4BD1-9ECD-6A9D77F19DA2}.Debug|Any CPU.Build.0 = Debug|Any CPU
		{4F33F587-7557-4BD1-9ECD-6A9D77F19DA2}.Release|Any CPU.ActiveCfg = Release|Any CPU
		{4F33F587-7557-4BD1-9ECD-6A9D77F19DA2}.Release|Any CPU.Build.0 = Release|Any CPU
	EndGlobalSection
	GlobalSection(SolutionProperties) = preSolution
		HideSolutionNode = FALSE
	EndGlobalSection
	GlobalSection(ExtensibilityGlobals) = postSolution
		SolutionGuid = {1BC676D2-AF9F-4A83-A3B7-32621630AD0C}
	EndGlobalSection
EndGlobal
